
Microsoft Visual Studio Solution File, Format Version 12.00
# Visual Studio Version 17
VisualStudioVersion = 17.7.34024.191
MinimumVisualStudioVersion = 10.0.40219.1
Project("{FAE04EC0-301F-11D3-BF4B-00C04F79EFBC}") = "ConsoleApp3", "ConsoleApp3.csproj", "{45F1882C-8FAD-4A88-BF8E-0DD9C81758BD}"
EndProject
Global
	GlobalSection(SolutionConfigurationPlatforms) = preSolution
		Debug|Any CPU = Debug|Any CPU
		Release|Any CPU = Release|Any CPU
	EndGlobalSection
	GlobalSection(ProjectConfigurationPlatforms) = postSolution
		{45F1882C-8FAD-4A88-BF8E-0DD9C81758BD}.Debug|Any CPU.ActiveCfg = Debug|Any CPU
		{45F1882C-8FAD-4A88-BF8E-0DD9C81758BD}.Debug|Any CPU.Build.0 = Debug|Any CPU
		{45F1882C-8FAD-4A88-BF8E-0DD9C81758BD}.Release|Any CPU.ActiveCfg = Release|Any CPU
		{45F1882C-8FAD-4A88-BF8E-0DD9C81758BD}.Release|Any CPU.Build.0 = Release|Any CPU
	EndGlobalSection
	GlobalSection(SolutionProperties) = preSolution
		HideSolutionNode = FALSE
	EndGlobalSection
	GlobalSection(ExtensibilityGlobals) = postSolution
		SolutionGuid = {76672C3B-AAE0-4DFA-8647-A688F8802A0C}
	EndGlobalSection
EndGlobal
